
Microsoft Visual Studio Solution File, Format Version 12.00
# Visual Studio Version 17
VisualStudioVersion = 17.14.36414.22
MinimumVisualStudioVersion = 10.0.40219.1
Project("{FAE04EC0-301F-11D3-BF4B-00C04F79EFBC}") = "CapaPresentacionTienda", "CapaPresentacionTienda\CapaPresentacionTienda.csproj", "{3B25315B-79C1-4938-9CB9-2AED7CEE2F7E}"
EndProject
Project("{FAE04EC0-301F-11D3-BF4B-00C04F79EFBC}") = "CapaDatos", "CapaDatos\CapaDatos.csproj", "{C5513563-CFCE-4341-AC87-2B805BB6105C}"
EndProject
Project("{FAE04EC0-301F-11D3-BF4B-00C04F79EFBC}") = "CapaEntidad", "CapaEntidad\CapaEntidad.csproj", "{93B2308F-B30B-4003-9ECB-C58573DAAA05}"
EndProject
Project("{FAE04EC0-301F-11D3-BF4B-00C04F79EFBC}") = "CapaNegocio", "CapaNegocio\CapaNegocio.csproj", "{F0F914C0-F499-4C34-BA13-B32EAEDD6DA3}"
EndProject
Global
	GlobalSection(SolutionConfigurationPlatforms) = preSolution
		Debug|Any CPU = Debug|Any CPU
		Release|Any CPU = Release|Any CPU
	EndGlobalSection
	GlobalSection(ProjectConfigurationPlatforms) = postSolution
		{3B25315B-79C1-4938-9CB9-2AED7CEE2F7E}.Debug|Any CPU.ActiveCfg = Debug|Any CPU
		{3B25315B-79C1-4938-9CB9-2AED7CEE2F7E}.Debug|Any CPU.Build.0 = Debug|Any CPU
		{3B25315B-79C1-4938-9CB9-2AED7CEE2F7E}.Release|Any CPU.ActiveCfg = Release|Any CPU
		{3B25315B-79C1-4938-9CB9-2AED7CEE2F7E}.Release|Any CPU.Build.0 = Release|Any CPU
		{C5513563-CFCE-4341-AC87-2B805BB6105C}.Debug|Any CPU.ActiveCfg = Debug|Any CPU
		{C5513563-CFCE-4341-AC87-2B805BB6105C}.Debug|Any CPU.Build.0 = Debug|Any CPU
		{C5513563-CFCE-4341-AC87-2B805BB6105C}.Release|Any CPU.ActiveCfg = Release|Any CPU
		{C5513563-CFCE-4341-AC87-2B805BB6105C}.Release|Any CPU.Build.0 = Release|Any CPU
		{93B2308F-B30B-4003-9ECB-C58573DAAA05}.Debug|Any CPU.ActiveCfg = Debug|Any CPU
		{93B2308F-B30B-4003-9ECB-C58573DAAA05}.Debug|Any CPU.Build.0 = Debug|Any CPU
		{93B2308F-B30B-4003-9ECB-C58573DAAA05}.Release|Any CPU.ActiveCfg = Release|Any CPU
		{93B2308F-B30B-4003-9ECB-C58573DAAA05}.Release|Any CPU.Build.0 = Release|Any CPU
		{F0F914C0-F499-4C34-BA13-B32EAEDD6DA3}.Debug|Any CPU.ActiveCfg = Debug|Any CPU
		{F0F914C0-F499-4C34-BA13-B32EAEDD6DA3}.Debug|Any CPU.Build.0 = Debug|Any CPU
		{F0F914C0-F499-4C34-BA13-B32EAEDD6DA3}.Release|Any CPU.ActiveCfg = Release|Any CPU
		{F0F914C0-F499-4C34-BA13-B32EAEDD6DA3}.Release|Any CPU.Build.0 = Release|Any CPU
	EndGlobalSection
	GlobalSection(SolutionProperties) = preSolution
		HideSolutionNode = FALSE
	EndGlobalSection
	GlobalSection(ExtensibilityGlobals) = postSolution
		SolutionGuid = {631D5C89-7F63-4FAA-91BA-007B8FD56B61}
	EndGlobalSection
EndGlobal
